// !$*UTF8*$!
{
	archiveVersion = 1;
	classes = {
	};
	objectVersion = 56;
	objects = {

/* Begin PBXBuildFile section */
		0D910C9929783C76008D4237 /* AppDelegate.swift in Sources */ = {isa = PBXBuildFile; fileRef = 0D910C9829783C76008D4237 /* AppDelegate.swift */; };
		0D910C9B29783C76008D4237 /* SceneDelegate.swift in Sources */ = {isa = PBXBuildFile; fileRef = 0D910C9A29783C76008D4237 /* SceneDelegate.swift */; };
		0D910C9D29783C76008D4237 /* ViewController.swift in Sources */ = {isa = PBXBuildFile; fileRef = 0D910C9C29783C76008D4237 /* ViewController.swift */; };
		0D910CA229783C77008D4237 /* Assets.xcassets in Resources */ = {isa = PBXBuildFile; fileRef = 0D910CA129783C77008D4237 /* Assets.xcassets */; };
		0D910CA529783C77008D4237 /* LaunchScreen.storyboard in Resources */ = {isa = PBXBuildFile; fileRef = 0D910CA329783C77008D4237 /* LaunchScreen.storyboard */; };
		0D910CB029789BEC008D4237 /* HomePresenter.swift in Sources */ = {isa = PBXBuildFile; fileRef = 0D910CAF29789BEC008D4237 /* HomePresenter.swift */; };
		0D910CB329789D1B008D4237 /* NetworkService.swift in Sources */ = {isa = PBXBuildFile; fileRef = 0D910CB229789D1B008D4237 /* NetworkService.swift */; };
		0D910CB629789E3C008D4237 /* HomeViewController.swift in Sources */ = {isa = PBXBuildFile; fileRef = 0D910CB529789E3C008D4237 /* HomeViewController.swift */; };
		0D910CB929789F4D008D4237 /* Router.swift in Sources */ = {isa = PBXBuildFile; fileRef = 0D910CB829789F4D008D4237 /* Router.swift */; };
		0D910CBB29789FA9008D4237 /* ModuleBuilder.swift in Sources */ = {isa = PBXBuildFile; fileRef = 0D910CBA29789FA9008D4237 /* ModuleBuilder.swift */; };
		0D910CBE29795CDA008D4237 /* Genres.swift in Sources */ = {isa = PBXBuildFile; fileRef = 0D910CBD29795CDA008D4237 /* Genres.swift */; };
		0D910CC02979AFCC008D4237 /* MovieList.swift in Sources */ = {isa = PBXBuildFile; fileRef = 0D910CBF2979AFCC008D4237 /* MovieList.swift */; };
		0D910CC32979B1AC008D4237 /* Alamofire in Frameworks */ = {isa = PBXBuildFile; productRef = 0D910CC22979B1AC008D4237 /* Alamofire */; };
		0D910CC52979C272008D4237 /* MovieCell.swift in Sources */ = {isa = PBXBuildFile; fileRef = 0D910CC42979C272008D4237 /* MovieCell.swift */; };
		0D910CC82979CD74008D4237 /* SDWebImage in Frameworks */ = {isa = PBXBuildFile; productRef = 0D910CC72979CD74008D4237 /* SDWebImage */; };
		0D910CCB2979E397008D4237 /* Extension + UILabel.swift in Sources */ = {isa = PBXBuildFile; fileRef = 0D910CCA2979E397008D4237 /* Extension + UILabel.swift */; };
		0D910CD0297AD189008D4237 /* DetailMoviePresenter.swift in Sources */ = {isa = PBXBuildFile; fileRef = 0D910CCF297AD189008D4237 /* DetailMoviePresenter.swift */; };
		0D910CD2297AD199008D4237 /* DetailMovieViewController.swift in Sources */ = {isa = PBXBuildFile; fileRef = 0D910CD1297AD199008D4237 /* DetailMovieViewController.swift */; };
		0D910CD4297B125C008D4237 /* MovieDetail.swift in Sources */ = {isa = PBXBuildFile; fileRef = 0D910CD3297B125C008D4237 /* MovieDetail.swift */; };
		0D910CD7297B4635008D4237 /* ImageViewerViewController.swift in Sources */ = {isa = PBXBuildFile; fileRef = 0D910CD6297B4635008D4237 /* ImageViewerViewController.swift */; };
		0D910CDB297B4757008D4237 /* ImageViewerPresenter.swift in Sources */ = {isa = PBXBuildFile; fileRef = 0D910CDA297B4757008D4237 /* ImageViewerPresenter.swift */; };
		0D910CE8297C4EE4008D4237 /* Localizable.strings in Resources */ = {isa = PBXBuildFile; fileRef = 0D910CEA297C4EE4008D4237 /* Localizable.strings */; };
		0D910CED297C4F33008D4237 /* Extension + String.swift in Sources */ = {isa = PBXBuildFile; fileRef = 0D910CEC297C4F33008D4237 /* Extension + String.swift */; };
/* End PBXBuildFile section */

/* Begin PBXFileReference section */
		0D910C9529783C76008D4237 /* Movies.app */ = {isa = PBXFileReference; explicitFileType = wrapper.application; includeInIndex = 0; path = Movies.app; sourceTree = BUILT_PRODUCTS_DIR; };
		0D910C9829783C76008D4237 /* AppDelegate.swift */ = {isa = PBXFileReference; lastKnownFileType = sourcecode.swift; path = AppDelegate.swift; sourceTree = "<group>"; };
		0D910C9A29783C76008D4237 /* SceneDelegate.swift */ = {isa = PBXFileReference; lastKnownFileType = sourcecode.swift; path = SceneDelegate.swift; sourceTree = "<group>"; };
		0D910C9C29783C76008D4237 /* ViewController.swift */ = {isa = PBXFileReference; lastKnownFileType = sourcecode.swift; path = ViewController.swift; sourceTree = "<group>"; };
		0D910CA129783C77008D4237 /* Assets.xcassets */ = {isa = PBXFileReference; lastKnownFileType = folder.assetcatalog; path = Assets.xcassets; sourceTree = "<group>"; };
		0D910CA429783C77008D4237 /* Base */ = {isa = PBXFileReference; lastKnownFileType = file.storyboard; name = Base; path = Base.lproj/LaunchScreen.storyboard; sourceTree = "<group>"; };
		0D910CA629783C77008D4237 /* Info.plist */ = {isa = PBXFileReference; lastKnownFileType = text.plist.xml; path = Info.plist; sourceTree = "<group>"; };
		0D910CAF29789BEC008D4237 /* HomePresenter.swift */ = {isa = PBXFileReference; lastKnownFileType = sourcecode.swift; path = HomePresenter.swift; sourceTree = "<group>"; };
		0D910CB229789D1B008D4237 /* NetworkService.swift */ = {isa = PBXFileReference; lastKnownFileType = sourcecode.swift; path = NetworkService.swift; sourceTree = "<group>"; };
		0D910CB529789E3C008D4237 /* HomeViewController.swift */ = {isa = PBXFileReference; lastKnownFileType = sourcecode.swift; path = HomeViewController.swift; sourceTree = "<group>"; };
		0D910CB829789F4D008D4237 /* Router.swift */ = {isa = PBXFileReference; lastKnownFileType = sourcecode.swift; path = Router.swift; sourceTree = "<group>"; };
		0D910CBA29789FA9008D4237 /* ModuleBuilder.swift */ = {isa = PBXFileReference; lastKnownFileType = sourcecode.swift; path = ModuleBuilder.swift; sourceTree = "<group>"; };
		0D910CBD29795CDA008D4237 /* Genres.swift */ = {isa = PBXFileReference; lastKnownFileType = sourcecode.swift; path = Genres.swift; sourceTree = "<group>"; };
		0D910CBF2979AFCC008D4237 /* MovieList.swift */ = {isa = PBXFileReference; lastKnownFileType = sourcecode.swift; path = MovieList.swift; sourceTree = "<group>"; };
		0D910CC42979C272008D4237 /* MovieCell.swift */ = {isa = PBXFileReference; lastKnownFileType = sourcecode.swift; path = MovieCell.swift; sourceTree = "<group>"; };
		0D910CCA2979E397008D4237 /* Extension + UILabel.swift */ = {isa = PBXFileReference; lastKnownFileType = sourcecode.swift; path = "Extension + UILabel.swift"; sourceTree = "<group>"; };
		0D910CCF297AD189008D4237 /* DetailMoviePresenter.swift */ = {isa = PBXFileReference; lastKnownFileType = sourcecode.swift; path = DetailMoviePresenter.swift; sourceTree = "<group>"; };
		0D910CD1297AD199008D4237 /* DetailMovieViewController.swift */ = {isa = PBXFileReference; lastKnownFileType = sourcecode.swift; path = DetailMovieViewController.swift; sourceTree = "<group>"; };
		0D910CD3297B125C008D4237 /* MovieDetail.swift */ = {isa = PBXFileReference; lastKnownFileType = sourcecode.swift; path = MovieDetail.swift; sourceTree = "<group>"; };
		0D910CD6297B4635008D4237 /* ImageViewerViewController.swift */ = {isa = PBXFileReference; lastKnownFileType = sourcecode.swift; path = ImageViewerViewController.swift; sourceTree = "<group>"; };
		0D910CDA297B4757008D4237 /* ImageViewerPresenter.swift */ = {isa = PBXFileReference; lastKnownFileType = sourcecode.swift; path = ImageViewerPresenter.swift; sourceTree = "<group>"; };
		0D910CE9297C4EE4008D4237 /* en */ = {isa = PBXFileReference; lastKnownFileType = text.plist.strings; name = en; path = en.lproj/Localizable.strings; sourceTree = "<group>"; };
		0D910CEB297C4F01008D4237 /* uk */ = {isa = PBXFileReference; lastKnownFileType = text.plist.strings; name = uk; path = uk.lproj/Localizable.strings; sourceTree = "<group>"; };
		0D910CEC297C4F33008D4237 /* Extension + String.swift */ = {isa = PBXFileReference; lastKnownFileType = sourcecode.swift; path = "Extension + String.swift"; sourceTree = "<group>"; };
/* End PBXFileReference section */

/* Begin PBXFrameworksBuildPhase section */
		0D910C9229783C76008D4237 /* Frameworks */ = {
			isa = PBXFrameworksBuildPhase;
			buildActionMask = 2147483647;
			files = (
				0D910CC82979CD74008D4237 /* SDWebImage in Frameworks */,
				0D910CC32979B1AC008D4237 /* Alamofire in Frameworks */,
			);
			runOnlyForDeploymentPostprocessing = 0;
		};
/* End PBXFrameworksBuildPhase section */

/* Begin PBXGroup section */
		0D910C8C29783C76008D4237 = {
			isa = PBXGroup;
			children = (
				0D910C9729783C76008D4237 /* Movies */,
				0D910C9629783C76008D4237 /* Products */,
			);
			sourceTree = "<group>";
		};
		0D910C9629783C76008D4237 /* Products */ = {
			isa = PBXGroup;
			children = (
				0D910C9529783C76008D4237 /* Movies.app */,
			);
			name = Products;
			sourceTree = "<group>";
		};
		0D910C9729783C76008D4237 /* Movies */ = {
			isa = PBXGroup;
			children = (
				0D910CDF297C4E4B008D4237 /* Localizable */,
				0D910CB729789EC7008D4237 /* Application */,
				0D910CD5297B4617008D4237 /* ImageViewer */,
				0D910CAC2978402D008D4237 /* HomeModule */,
				0D910CCC297AD158008D4237 /* DetailMovieModule */,
				0D910CBC29795CAE008D4237 /* Models */,
				0D910CB129789CED008D4237 /* ServiceLayer */,
				0D910CE5297C4E8E008D4237 /* Utils */,
				0D910C9C29783C76008D4237 /* ViewController.swift */,
				0D910CA129783C77008D4237 /* Assets.xcassets */,
				0D910CA329783C77008D4237 /* LaunchScreen.storyboard */,
				0D910CA629783C77008D4237 /* Info.plist */,
			);
			path = Movies;
			sourceTree = "<group>";
		};
		0D910CAC2978402D008D4237 /* HomeModule */ = {
			isa = PBXGroup;
			children = (
				0D910CB429789E23008D4237 /* View */,
				0D910CAE29789BD1008D4237 /* Presenter */,
			);
			path = HomeModule;
			sourceTree = "<group>";
		};
		0D910CAE29789BD1008D4237 /* Presenter */ = {
			isa = PBXGroup;
			children = (
				0D910CAF29789BEC008D4237 /* HomePresenter.swift */,
			);
			path = Presenter;
			sourceTree = "<group>";
		};
		0D910CB129789CED008D4237 /* ServiceLayer */ = {
			isa = PBXGroup;
			children = (
				0D910CB229789D1B008D4237 /* NetworkService.swift */,
			);
			path = ServiceLayer;
			sourceTree = "<group>";
		};
		0D910CB429789E23008D4237 /* View */ = {
			isa = PBXGroup;
			children = (
				0D910CB529789E3C008D4237 /* HomeViewController.swift */,
				0D910CC42979C272008D4237 /* MovieCell.swift */,
			);
			path = View;
			sourceTree = "<group>";
		};
		0D910CB729789EC7008D4237 /* Application */ = {
			isa = PBXGroup;
			children = (
				0D910C9829783C76008D4237 /* AppDelegate.swift */,
				0D910C9A29783C76008D4237 /* SceneDelegate.swift */,
			);
			path = Application;
			sourceTree = "<group>";
		};
		0D910CBC29795CAE008D4237 /* Models */ = {
			isa = PBXGroup;
			children = (
				0D910CBD29795CDA008D4237 /* Genres.swift */,
				0D910CBF2979AFCC008D4237 /* MovieList.swift */,
				0D910CD3297B125C008D4237 /* MovieDetail.swift */,
			);
			path = Models;
			sourceTree = "<group>";
		};
		0D910CC92979E38B008D4237 /* Extensions */ = {
			isa = PBXGroup;
			children = (
				0D910CCA2979E397008D4237 /* Extension + UILabel.swift */,
				0D910CEC297C4F33008D4237 /* Extension + String.swift */,
			);
			path = Extensions;
			sourceTree = "<group>";
		};
		0D910CCC297AD158008D4237 /* DetailMovieModule */ = {
			isa = PBXGroup;
			children = (
				0D910CCE297AD17B008D4237 /* View */,
				0D910CCD297AD176008D4237 /* Presenter */,
			);
			path = DetailMovieModule;
			sourceTree = "<group>";
		};
		0D910CCD297AD176008D4237 /* Presenter */ = {
			isa = PBXGroup;
			children = (
				0D910CCF297AD189008D4237 /* DetailMoviePresenter.swift */,
			);
			path = Presenter;
			sourceTree = "<group>";
		};
		0D910CCE297AD17B008D4237 /* View */ = {
			isa = PBXGroup;
			children = (
				0D910CD1297AD199008D4237 /* DetailMovieViewController.swift */,
			);
			path = View;
			sourceTree = "<group>";
		};
		0D910CD5297B4617008D4237 /* ImageViewer */ = {
			isa = PBXGroup;
			children = (
				0D910CD8297B46C8008D4237 /* View */,
				0D910CD9297B46CD008D4237 /* Presenter */,
			);
			path = ImageViewer;
			sourceTree = "<group>";
		};
		0D910CD8297B46C8008D4237 /* View */ = {
			isa = PBXGroup;
			children = (
				0D910CD6297B4635008D4237 /* ImageViewerViewController.swift */,
			);
			path = View;
			sourceTree = "<group>";
		};
		0D910CD9297B46CD008D4237 /* Presenter */ = {
			isa = PBXGroup;
			children = (
				0D910CDA297B4757008D4237 /* ImageViewerPresenter.swift */,
			);
			path = Presenter;
			sourceTree = "<group>";
		};
		0D910CDF297C4E4B008D4237 /* Localizable */ = {
			isa = PBXGroup;
			children = (
				0D910CEA297C4EE4008D4237 /* Localizable.strings */,
			);
			path = Localizable;
			sourceTree = "<group>";
		};
		0D910CE5297C4E8E008D4237 /* Utils */ = {
			isa = PBXGroup;
			children = (
				0D910CBA29789FA9008D4237 /* ModuleBuilder.swift */,
				0D910CB829789F4D008D4237 /* Router.swift */,
				0D910CC92979E38B008D4237 /* Extensions */,
			);
			path = Utils;
			sourceTree = "<group>";
		};
/* End PBXGroup section */

/* Begin PBXNativeTarget section */
		0D910C9429783C76008D4237 /* Movies */ = {
			isa = PBXNativeTarget;
			buildConfigurationList = 0D910CA929783C77008D4237 /* Build configuration list for PBXNativeTarget "Movies" */;
			buildPhases = (
				0D910C9129783C76008D4237 /* Sources */,
				0D910C9229783C76008D4237 /* Frameworks */,
				0D910C9329783C76008D4237 /* Resources */,
			);
			buildRules = (
			);
			dependencies = (
			);
			name = Movies;
			packageProductDependencies = (
				0D910CC22979B1AC008D4237 /* Alamofire */,
				0D910CC72979CD74008D4237 /* SDWebImage */,
			);
			productName = Movies;
			productReference = 0D910C9529783C76008D4237 /* Movies.app */;
			productType = "com.apple.product-type.application";
		};
/* End PBXNativeTarget section */

/* Begin PBXProject section */
		0D910C8D29783C76008D4237 /* Project object */ = {
			isa = PBXProject;
			attributes = {
				BuildIndependentTargetsInParallel = 1;
				LastSwiftUpdateCheck = 1400;
				LastUpgradeCheck = 1400;
				TargetAttributes = {
					0D910C9429783C76008D4237 = {
						CreatedOnToolsVersion = 14.0;
					};
				};
			};
			buildConfigurationList = 0D910C9029783C76008D4237 /* Build configuration list for PBXProject "Movies" */;
			compatibilityVersion = "Xcode 14.0";
			developmentRegion = en;
			hasScannedForEncodings = 0;
			knownRegions = (
				en,
				Base,
				uk,
			);
			mainGroup = 0D910C8C29783C76008D4237;
			packageReferences = (
				0D910CC12979B1AB008D4237 /* XCRemoteSwiftPackageReference "Alamofire" */,
				0D910CC62979CD74008D4237 /* XCRemoteSwiftPackageReference "SDWebImage" */,
			);
			productRefGroup = 0D910C9629783C76008D4237 /* Products */;
			projectDirPath = "";
			projectRoot = "";
			targets = (
				0D910C9429783C76008D4237 /* Movies */,
			);
		};
/* End PBXProject section */

/* Begin PBXResourcesBuildPhase section */
		0D910C9329783C76008D4237 /* Resources */ = {
			isa = PBXResourcesBuildPhase;
			buildActionMask = 2147483647;
			files = (
				0D910CA529783C77008D4237 /* LaunchScreen.storyboard in Resources */,
				0D910CE8297C4EE4008D4237 /* Localizable.strings in Resources */,
				0D910CA229783C77008D4237 /* Assets.xcassets in Resources */,
			);
			runOnlyForDeploymentPostprocessing = 0;
		};
/* End PBXResourcesBuildPhase section */

/* Begin PBXSourcesBuildPhase section */
		0D910C9129783C76008D4237 /* Sources */ = {
			isa = PBXSourcesBuildPhase;
			buildActionMask = 2147483647;
			files = (
				0D910CBE29795CDA008D4237 /* Genres.swift in Sources */,
				0D910CB329789D1B008D4237 /* NetworkService.swift in Sources */,
				0D910CD2297AD199008D4237 /* DetailMovieViewController.swift in Sources */,
				0D910C9D29783C76008D4237 /* ViewController.swift in Sources */,
				0D910CC52979C272008D4237 /* MovieCell.swift in Sources */,
				0D910C9929783C76008D4237 /* AppDelegate.swift in Sources */,
				0D910CBB29789FA9008D4237 /* ModuleBuilder.swift in Sources */,
				0D910CB929789F4D008D4237 /* Router.swift in Sources */,
				0D910C9B29783C76008D4237 /* SceneDelegate.swift in Sources */,
				0D910CB029789BEC008D4237 /* HomePresenter.swift in Sources */,
				0D910CC02979AFCC008D4237 /* MovieList.swift in Sources */,
				0D910CDB297B4757008D4237 /* ImageViewerPresenter.swift in Sources */,
				0D910CCB2979E397008D4237 /* Extension + UILabel.swift in Sources */,
				0D910CD4297B125C008D4237 /* MovieDetail.swift in Sources */,
				0D910CED297C4F33008D4237 /* Extension + String.swift in Sources */,
				0D910CB629789E3C008D4237 /* HomeViewController.swift in Sources */,
				0D910CD7297B4635008D4237 /* ImageViewerViewController.swift in Sources */,
				0D910CD0297AD189008D4237 /* DetailMoviePresenter.swift in Sources */,
			);
			runOnlyForDeploymentPostprocessing = 0;
		};
/* End PBXSourcesBuildPhase section */

/* Begin PBXVariantGroup section */
		0D910CA329783C77008D4237 /* LaunchScreen.storyboard */ = {
			isa = PBXVariantGroup;
			children = (
				0D910CA429783C77008D4237 /* Base */,
			);
			name = LaunchScreen.storyboard;
			sourceTree = "<group>";
		};
		0D910CEA297C4EE4008D4237 /* Localizable.strings */ = {
			isa = PBXVariantGroup;
			children = (
				0D910CE9297C4EE4008D4237 /* en */,
				0D910CEB297C4F01008D4237 /* uk */,
			);
			name = Localizable.strings;
			sourceTree = "<group>";
		};
/* End PBXVariantGroup section */

/* Begin XCBuildConfiguration section */
		0D910CA729783C77008D4237 /* Debug */ = {
			isa = XCBuildConfiguration;
			buildSettings = {
				ALWAYS_SEARCH_USER_PATHS = NO;
				CLANG_ANALYZER_LOCALIZABILITY_NONLOCALIZED = YES;
				CLANG_ANALYZER_NONNULL = YES;
				CLANG_ANALYZER_NUMBER_OBJECT_CONVERSION = YES_AGGRESSIVE;
				CLANG_CXX_LANGUAGE_STANDARD = "gnu++20";
				CLANG_ENABLE_MODULES = YES;
				CLANG_ENABLE_OBJC_ARC = YES;
				CLANG_ENABLE_OBJC_WEAK = YES;
				CLANG_WARN_BLOCK_CAPTURE_AUTORELEASING = YES;
				CLANG_WARN_BOOL_CONVERSION = YES;
				CLANG_WARN_COMMA = YES;
				CLANG_WARN_CONSTANT_CONVERSION = YES;
				CLANG_WARN_DEPRECATED_OBJC_IMPLEMENTATIONS = YES;
				CLANG_WARN_DIRECT_OBJC_ISA_USAGE = YES_ERROR;
				CLANG_WARN_DOCUMENTATION_COMMENTS = YES;
				CLANG_WARN_EMPTY_BODY = YES;
				CLANG_WARN_ENUM_CONVERSION = YES;
				CLANG_WARN_INFINITE_RECURSION = YES;
				CLANG_WARN_INT_CONVERSION = YES;
				CLANG_WARN_NON_LITERAL_NULL_CONVERSION = YES;
				CLANG_WARN_OBJC_IMPLICIT_RETAIN_SELF = YES;
				CLANG_WARN_OBJC_LITERAL_CONVERSION = YES;
				CLANG_WARN_OBJC_ROOT_CLASS = YES_ERROR;
				CLANG_WARN_QUOTED_INCLUDE_IN_FRAMEWORK_HEADER = YES;
				CLANG_WARN_RANGE_LOOP_ANALYSIS = YES;
				CLANG_WARN_STRICT_PROTOTYPES = YES;
				CLANG_WARN_SUSPICIOUS_MOVE = YES;
				CLANG_WARN_UNGUARDED_AVAILABILITY = YES_AGGRESSIVE;
				CLANG_WARN_UNREACHABLE_CODE = YES;
				CLANG_WARN__DUPLICATE_METHOD_MATCH = YES;
				COPY_PHASE_STRIP = NO;
				DEBUG_INFORMATION_FORMAT = dwarf;
				ENABLE_STRICT_OBJC_MSGSEND = YES;
				ENABLE_TESTABILITY = YES;
				GCC_C_LANGUAGE_STANDARD = gnu11;
				GCC_DYNAMIC_NO_PIC = NO;
				GCC_NO_COMMON_BLOCKS = YES;
				GCC_OPTIMIZATION_LEVEL = 0;
				GCC_PREPROCESSOR_DEFINITIONS = (
					"DEBUG=1",
					"$(inherited)",
				);
				GCC_WARN_64_TO_32_BIT_CONVERSION = YES;
				GCC_WARN_ABOUT_RETURN_TYPE = YES_ERROR;
				GCC_WARN_UNDECLARED_SELECTOR = YES;
				GCC_WARN_UNINITIALIZED_AUTOS = YES_AGGRESSIVE;
				GCC_WARN_UNUSED_FUNCTION = YES;
				GCC_WARN_UNUSED_VARIABLE = YES;
				IPHONEOS_DEPLOYMENT_TARGET = 16.0;
				MTL_ENABLE_DEBUG_INFO = INCLUDE_SOURCE;
				MTL_FAST_MATH = YES;
				ONLY_ACTIVE_ARCH = YES;
				SDKROOT = iphoneos;
				SWIFT_ACTIVE_COMPILATION_CONDITIONS = DEBUG;
				SWIFT_OPTIMIZATION_LEVEL = "-Onone";
			};
			name = Debug;
		};
		0D910CA829783C77008D4237 /* Release */ = {
			isa = XCBuildConfiguration;
			buildSettings = {
				ALWAYS_SEARCH_USER_PATHS = NO;
				CLANG_ANALYZER_LOCALIZABILITY_NONLOCALIZED = YES;
				CLANG_ANALYZER_NONNULL = YES;
				CLANG_ANALYZER_NUMBER_OBJECT_CONVERSION = YES_AGGRESSIVE;
				CLANG_CXX_LANGUAGE_STANDARD = "gnu++20";
				CLANG_ENABLE_MODULES = YES;
				CLANG_ENABLE_OBJC_ARC = YES;
				CLANG_ENABLE_OBJC_WEAK = YES;
				CLANG_WARN_BLOCK_CAPTURE_AUTORELEASING = YES;
				CLANG_WARN_BOOL_CONVERSION = YES;
				CLANG_WARN_COMMA = YES;
				CLANG_WARN_CONSTANT_CONVERSION = YES;
				CLANG_WARN_DEPRECATED_OBJC_IMPLEMENTATIONS = YES;
				CLANG_WARN_DIRECT_OBJC_ISA_USAGE = YES_ERROR;
				CLANG_WARN_DOCUMENTATION_COMMENTS = YES;
				CLANG_WARN_EMPTY_BODY = YES;
				CLANG_WARN_ENUM_CONVERSION = YES;
				CLANG_WARN_INFINITE_RECURSION = YES;
				CLANG_WARN_INT_CONVERSION = YES;
				CLANG_WARN_NON_LITERAL_NULL_CONVERSION = YES;
				CLANG_WARN_OBJC_IMPLICIT_RETAIN_SELF = YES;
				CLANG_WARN_OBJC_LITERAL_CONVERSION = YES;
				CLANG_WARN_OBJC_ROOT_CLASS = YES_ERROR;
				CLANG_WARN_QUOTED_INCLUDE_IN_FRAMEWORK_HEADER = YES;
				CLANG_WARN_RANGE_LOOP_ANALYSIS = YES;
				CLANG_WARN_STRICT_PROTOTYPES = YES;
				CLANG_WARN_SUSPICIOUS_MOVE = YES;
				CLANG_WARN_UNGUARDED_AVAILABILITY = YES_AGGRESSIVE;
				CLANG_WARN_UNREACHABLE_CODE = YES;
				CLANG_WARN__DUPLICATE_METHOD_MATCH = YES;
				COPY_PHASE_STRIP = NO;
				DEBUG_INFORMATION_FORMAT = "dwarf-with-dsym";
				ENABLE_NS_ASSERTIONS = NO;
				ENABLE_STRICT_OBJC_MSGSEND = YES;
				GCC_C_LANGUAGE_STANDARD = gnu11;
				GCC_NO_COMMON_BLOCKS = YES;
				GCC_WARN_64_TO_32_BIT_CONVERSION = YES;
				GCC_WARN_ABOUT_RETURN_TYPE = YES_ERROR;
				GCC_WARN_UNDECLARED_SELECTOR = YES;
				GCC_WARN_UNINITIALIZED_AUTOS = YES_AGGRESSIVE;
				GCC_WARN_UNUSED_FUNCTION = YES;
				GCC_WARN_UNUSED_VARIABLE = YES;
				IPHONEOS_DEPLOYMENT_TARGET = 16.0;
				MTL_ENABLE_DEBUG_INFO = NO;
				MTL_FAST_MATH = YES;
				SDKROOT = iphoneos;
				SWIFT_COMPILATION_MODE = wholemodule;
				SWIFT_OPTIMIZATION_LEVEL = "-O";
				VALIDATE_PRODUCT = YES;
			};
			name = Release;
		};
		0D910CAA29783C77008D4237 /* Debug */ = {
			isa = XCBuildConfiguration;
			buildSettings = {
				ASSETCATALOG_COMPILER_APPICON_NAME = AppIcon;
				ASSETCATALOG_COMPILER_GLOBAL_ACCENT_COLOR_NAME = AccentColor;
				CODE_SIGN_STYLE = Automatic;
				CURRENT_PROJECT_VERSION = 1;
				DEVELOPMENT_TEAM = K4B335LMWX;
				GENERATE_INFOPLIST_FILE = YES;
				INFOPLIST_FILE = Movies/Info.plist;
				INFOPLIST_KEY_UIApplicationSupportsIndirectInputEvents = YES;
				INFOPLIST_KEY_UILaunchStoryboardName = LaunchScreen;
				INFOPLIST_KEY_UIMainStoryboardFile = "";
				INFOPLIST_KEY_UISupportedInterfaceOrientations_iPad = "UIInterfaceOrientationPortrait UIInterfaceOrientationPortraitUpsideDown UIInterfaceOrientationLandscapeLeft UIInterfaceOrientationLandscapeRight";
				INFOPLIST_KEY_UISupportedInterfaceOrientations_iPhone = "UIInterfaceOrientationPortrait UIInterfaceOrientationLandscapeLeft UIInterfaceOrientationLandscapeRight";
				IPHONEOS_DEPLOYMENT_TARGET = 14.0;
				LD_RUNPATH_SEARCH_PATHS = (
					"$(inherited)",
					"@executable_path/Frameworks",
				);
				MARKETING_VERSION = 1.0;
				PRODUCT_BUNDLE_IDENTIFIER = Brotsky.Movies;
				PRODUCT_NAME = "$(TARGET_NAME)";
				SWIFT_EMIT_LOC_STRINGS = YES;
				SWIFT_VERSION = 5.0;
				TARGETED_DEVICE_FAMILY = "1,2";
			};
			name = Debug;
		};
		0D910CAB29783C77008D4237 /* Release */ = {
			isa = XCBuildConfiguration;
			buildSettings = {
				ASSETCATALOG_COMPILER_APPICON_NAME = AppIcon;
				ASSETCATALOG_COMPILER_GLOBAL_ACCENT_COLOR_NAME = AccentColor;
				CODE_SIGN_STYLE = Automatic;
				CURRENT_PROJECT_VERSION = 1;
				DEVELOPMENT_TEAM = K4B335LMWX;
				GENERATE_INFOPLIST_FILE = YES;
				INFOPLIST_FILE = Movies/Info.plist;
				INFOPLIST_KEY_UIApplicationSupportsIndirectInputEvents = YES;
				INFOPLIST_KEY_UILaunchStoryboardName = LaunchScreen;
				INFOPLIST_KEY_UIMainStoryboardFile = "";
				INFOPLIST_KEY_UISupportedInterfaceOrientations_iPad = "UIInterfaceOrientationPortrait UIInterfaceOrientationPortraitUpsideDown UIInterfaceOrientationLandscapeLeft UIInterfaceOrientationLandscapeRight";
				INFOPLIST_KEY_UISupportedInterfaceOrientations_iPhone = "UIInterfaceOrientationPortrait UIInterfaceOrientationLandscapeLeft UIInterfaceOrientationLandscapeRight";
				IPHONEOS_DEPLOYMENT_TARGET = 14.0;
				LD_RUNPATH_SEARCH_PATHS = (
					"$(inherited)",
					"@executable_path/Frameworks",
				);
				MARKETING_VERSION = 1.0;
				PRODUCT_BUNDLE_IDENTIFIER = Brotsky.Movies;
				PRODUCT_NAME = "$(TARGET_NAME)";
				SWIFT_EMIT_LOC_STRINGS = YES;
				SWIFT_VERSION = 5.0;
				TARGETED_DEVICE_FAMILY = "1,2";
			};
			name = Release;
		};
/* End XCBuildConfiguration section */

/* Begin XCConfigurationList section */
		0D910C9029783C76008D4237 /* Build configuration list for PBXProject "Movies" */ = {
			isa = XCConfigurationList;
			buildConfigurations = (
				0D910CA729783C77008D4237 /* Debug */,
				0D910CA829783C77008D4237 /* Release */,
			);
			defaultConfigurationIsVisible = 0;
			defaultConfigurationName = Release;
		};
		0D910CA929783C77008D4237 /* Build configuration list for PBXNativeTarget "Movies" */ = {
			isa = XCConfigurationList;
			buildConfigurations = (
				0D910CAA29783C77008D4237 /* Debug */,
				0D910CAB29783C77008D4237 /* Release */,
			);
			defaultConfigurationIsVisible = 0;
			defaultConfigurationName = Release;
		};
/* End XCConfigurationList section */

/* Begin XCRemoteSwiftPackageReference section */
		0D910CC12979B1AB008D4237 /* XCRemoteSwiftPackageReference "Alamofire" */ = {
			isa = XCRemoteSwiftPackageReference;
			repositoryURL = "https://github.com/Alamofire/Alamofire";
			requirement = {
				kind = upToNextMajorVersion;
				minimumVersion = 5.0.0;
			};
		};
		0D910CC62979CD74008D4237 /* XCRemoteSwiftPackageReference "SDWebImage" */ = {
			isa = XCRemoteSwiftPackageReference;
			repositoryURL = "https://github.com/SDWebImage/SDWebImage";
			requirement = {
				kind = upToNextMajorVersion;
				minimumVersion = 5.0.0;
			};
		};
/* End XCRemoteSwiftPackageReference section */

/* Begin XCSwiftPackageProductDependency section */
		0D910CC22979B1AC008D4237 /* Alamofire */ = {
			isa = XCSwiftPackageProductDependency;
			package = 0D910CC12979B1AB008D4237 /* XCRemoteSwiftPackageReference "Alamofire" */;
			productName = Alamofire;
		};
		0D910CC72979CD74008D4237 /* SDWebImage */ = {
			isa = XCSwiftPackageProductDependency;
			package = 0D910CC62979CD74008D4237 /* XCRemoteSwiftPackageReference "SDWebImage" */;
			productName = SDWebImage;
		};
/* End XCSwiftPackageProductDependency section */
	};
	rootObject = 0D910C8D29783C76008D4237 /* Project object */;
}
